<Solution>
  <Folder Name="/Database/">
    <File Path="../../../Documents/CentralSupplyUnitScript.sql" />
  </Folder>
  <Folder Name="/Solution Items/">
    <File Path="../../../Downloads/README.md" />
  </Folder>
  <Project Path="CentralSupplyUnit.API/CentralSupplyUnit.API.csproj" />
  <Project Path="CentralSupplyUnit.Core/CentralSupplyUnit.Core.csproj" />
  <Project Path="CentralSupplyUnit.Infra/CentralSupplyUnit.Infra.csproj" />
</Solution>
